
Microsoft Visual Studio Solution File, Format Version 12.00
# Visual Studio 15
VisualStudioVersion = 15.0.28010.2046
MinimumVisualStudioVersion = 10.0.40219.1
Project("{FAE04EC0-301F-11D3-BF4B-00C04F79EFBC}") = "ClientApp.Android", "ClientApp\ClientApp.Android\ClientApp.Android.csproj", "{952F444B-7948-4B2A-8CE8-A2053196AF27}"
EndProject
Project("{FAE04EC0-301F-11D3-BF4B-00C04F79EFBC}") = "ClientApp", "ClientApp\ClientApp\ClientApp.csproj", "{B6CB8054-3261-418E-8850-9EB218CC059F}"
EndProject
Global
	GlobalSection(SolutionConfigurationPlatforms) = preSolution
		Debug|Any CPU = Debug|Any CPU
		Release|Any CPU = Release|Any CPU
	EndGlobalSection
	GlobalSection(ProjectConfigurationPlatforms) = postSolution
		{952F444B-7948-4B2A-8CE8-A2053196AF27}.Debug|Any CPU.ActiveCfg = Debug|Any CPU
		{952F444B-7948-4B2A-8CE8-A2053196AF27}.Debug|Any CPU.Build.0 = Debug|Any CPU
		{952F444B-7948-4B2A-8CE8-A2053196AF27}.Debug|Any CPU.Deploy.0 = Debug|Any CPU
		{952F444B-7948-4B2A-8CE8-A2053196AF27}.Release|Any CPU.ActiveCfg = Release|Any CPU
		{952F444B-7948-4B2A-8CE8-A2053196AF27}.Release|Any CPU.Build.0 = Release|Any CPU
		{952F444B-7948-4B2A-8CE8-A2053196AF27}.Release|Any CPU.Deploy.0 = Release|Any CPU
		{B6CB8054-3261-418E-8850-9EB218CC059F}.Debug|Any CPU.ActiveCfg = Debug|Any CPU
		{B6CB8054-3261-418E-8850-9EB218CC059F}.Debug|Any CPU.Build.0 = Debug|Any CPU
		{B6CB8054-3261-418E-8850-9EB218CC059F}.Debug|Any CPU.Deploy.0 = Debug|Any CPU
		{B6CB8054-3261-418E-8850-9EB218CC059F}.Release|Any CPU.ActiveCfg = Release|Any CPU
		{B6CB8054-3261-418E-8850-9EB218CC059F}.Release|Any CPU.Build.0 = Release|Any CPU
		{B6CB8054-3261-418E-8850-9EB218CC059F}.Release|Any CPU.Deploy.0 = Release|Any CPU
	EndGlobalSection
	GlobalSection(SolutionProperties) = preSolution
		HideSolutionNode = FALSE
	EndGlobalSection
	GlobalSection(ExtensibilityGlobals) = postSolution
		SolutionGuid = {23C5D621-F82F-4DE0-AFBF-88DC97CD69FE}
	EndGlobalSection
EndGlobal
